
Microsoft Visual Studio Solution File, Format Version 12.00
# Visual Studio Version 16
VisualStudioVersion = 16.0.33130.400
MinimumVisualStudioVersion = 10.0.40219.1
Project("{FAE04EC0-301F-11D3-BF4B-00C04F79EFBC}") = "Pomodoro", "Pomodoro\Pomodoro.csproj", "{9ADB97EA-A5CD-4E84-B52C-080997FE26B3}"
EndProject
Global
	GlobalSection(SolutionConfigurationPlatforms) = preSolution
		Debug|Any CPU = Debug|Any CPU
		Release|Any CPU = Release|Any CPU
	EndGlobalSection
	GlobalSection(ProjectConfigurationPlatforms) = postSolution
		{9ADB97EA-A5CD-4E84-B52C-080997FE26B3}.Debug|Any CPU.ActiveCfg = Debug|Any CPU
		{9ADB97EA-A5CD-4E84-B52C-080997FE26B3}.Debug|Any CPU.Build.0 = Debug|Any CPU
		{9ADB97EA-A5CD-4E84-B52C-080997FE26B3}.Release|Any CPU.ActiveCfg = Release|Any CPU
		{9ADB97EA-A5CD-4E84-B52C-080997FE26B3}.Release|Any CPU.Build.0 = Release|Any CPU
	EndGlobalSection
	GlobalSection(SolutionProperties) = preSolution
		HideSolutionNode = FALSE
	EndGlobalSection
	GlobalSection(ExtensibilityGlobals) = postSolution
		SolutionGuid = {C294EA52-5335-4D79-93D8-F966754A0E95}
	EndGlobalSection
EndGlobal
